// !$*UTF8*$!
{
	archiveVersion = 1;
	classes = {
	};
	objectVersion = 77;
	objects = {

/* Begin PBXContainerItemProxy section */
		3518F7242DCDCC4800DDB3C2 /* PBXContainerItemProxy */ = {
			isa = PBXContainerItemProxy;
			containerPortal = 3518F7062DCDCC4700DDB3C2 /* Project object */;
			proxyType = 1;
			remoteGlobalIDString = 3518F70D2DCDCC4700DDB3C2;
			remoteInfo = ARMoon;
		};
		3518F72E2DCDCC4800DDB3C2 /* PBXContainerItemProxy */ = {
			isa = PBXContainerItemProxy;
			containerPortal = 3518F7062DCDCC4700DDB3C2 /* Project object */;
			proxyType = 1;
			remoteGlobalIDString = 3518F70D2DCDCC4700DDB3C2;
			remoteInfo = ARMoon;
		};
/* End PBXContainerItemProxy section */

/* Begin PBXFileReference section */
		3518F70E2DCDCC4700DDB3C2 /* ARMoon.app */ = {isa = PBXFileReference; explicitFileType = wrapper.application; includeInIndex = 0; path = ARMoon.app; sourceTree = BUILT_PRODUCTS_DIR; };
		3518F7232DCDCC4800DDB3C2 /* ARMoonTests.xctest */ = {isa = PBXFileReference; explicitFileType = wrapper.cfbundle; includeInIndex = 0; path = ARMoonTests.xctest; sourceTree = BUILT_PRODUCTS_DIR; };
		3518F72D2DCDCC4800DDB3C2 /* ARMoonUITests.xctest */ = {isa = PBXFileReference; explicitFileType = wrapper.cfbundle; includeInIndex = 0; path = ARMoonUITests.xctest; sourceTree = BUILT_PRODUCTS_DIR; };
/* End PBXFileReference section */

/* Begin PBXFileSystemSynchronizedRootGroup section */
		3518F7102DCDCC4700DDB3C2 /* ARMoon */ = {
			isa = PBXFileSystemSynchronizedRootGroup;
			path = ARMoon;
			sourceTree = "<group>";
		};
		3518F7262DCDCC4800DDB3C2 /* ARMoonTests */ = {
			isa = PBXFileSystemSynchronizedRootGroup;
			path = ARMoonTests;
			sourceTree = "<group>";
		};
		3518F7302DCDCC4800DDB3C2 /* ARMoonUITests */ = {
			isa = PBXFileSystemSynchronizedRootGroup;
			path = ARMoonUITests;
			sourceTree = "<group>";
		};
/* End PBXFileSystemSynchronizedRootGroup section */

/* Begin PBXFrameworksBuildPhase section */
		3518F70B2DCDCC4700DDB3C2 /* Frameworks */ = {
			isa = PBXFrameworksBuildPhase;
			buildActionMask = 2147483647;
			files = (
			);
			runOnlyForDeploymentPostprocessing = 0;
		};
		3518F7202DCDCC4800DDB3C2 /* Frameworks */ = {
			isa = PBXFrameworksBuildPhase;
			buildActionMask = 2147483647;
			files = (
			);
			runOnlyForDeploymentPostprocessing = 0;
		};
		3518F72A2DCDCC4800DDB3C2 /* Frameworks */ = {
			isa = PBXFrameworksBuildPhase;
			buildActionMask = 2147483647;
			files = (
			);
			runOnlyForDeploymentPostprocessing = 0;
		};
/* End PBXFrameworksBuildPhase section */

/* Begin PBXGroup section */
		3518F7052DCDCC4700DDB3C2 = {
			isa = PBXGroup;
			children = (
				3518F7102DCDCC4700DDB3C2 /* ARMoon */,
				3518F7262DCDCC4800DDB3C2 /* ARMoonTests */,
				3518F7302DCDCC4800DDB3C2 /* ARMoonUITests */,
				3518F70F2DCDCC4700DDB3C2 /* Products */,
			);
			sourceTree = "<group>";
		};
		3518F70F2DCDCC4700DDB3C2 /* Products */ = {
			isa = PBXGroup;
			children = (
				3518F70E2DCDCC4700DDB3C2 /* ARMoon.app */,
				3518F7232DCDCC4800DDB3C2 /* ARMoonTests.xctest */,
				3518F72D2DCDCC4800DDB3C2 /* ARMoonUITests.xctest */,
			);
			name = Products;
			sourceTree = "<group>";
		};
/* End PBXGroup section */

/* Begin PBXNativeTarget section */
		3518F70D2DCDCC4700DDB3C2 /* ARMoon */ = {
			isa = PBXNativeTarget;
			buildConfigurationList = 3518F7372DCDCC4800DDB3C2 /* Build configuration list for PBXNativeTarget "ARMoon" */;
			buildPhases = (
				3518F70A2DCDCC4700DDB3C2 /* Sources */,
				3518F70B2DCDCC4700DDB3C2 /* Frameworks */,
				3518F70C2DCDCC4700DDB3C2 /* Resources */,
			);
			buildRules = (
			);
			dependencies = (
			);
			fileSystemSynchronizedGroups = (
				3518F7102DCDCC4700DDB3C2 /* ARMoon */,
			);
			name = ARMoon;
			packageProductDependencies = (
			);
			productName = ARMoon;
			productReference = 3518F70E2DCDCC4700DDB3C2 /* ARMoon.app */;
			productType = "com.apple.product-type.application";
		};
		3518F7222DCDCC4800DDB3C2 /* ARMoonTests */ = {
			isa = PBXNativeTarget;
			buildConfigurationList = 3518F73A2DCDCC4800DDB3C2 /* Build configuration list for PBXNativeTarget "ARMoonTests" */;
			buildPhases = (
				3518F71F2DCDCC4800DDB3C2 /* Sources */,
				3518F7202DCDCC4800DDB3C2 /* Frameworks */,
				3518F7212DCDCC4800DDB3C2 /* Resources */,
			);
			buildRules = (
			);
			dependencies = (
				3518F7252DCDCC4800DDB3C2 /* PBXTargetDependency */,
			);
			fileSystemSynchronizedGroups = (
				3518F7262DCDCC4800DDB3C2 /* ARMoonTests */,
			);
			name = ARMoonTests;
			packageProductDependencies = (
			);
			productName = ARMoonTests;
			productReference = 3518F7232DCDCC4800DDB3C2 /* ARMoonTests.xctest */;
			productType = "com.apple.product-type.bundle.unit-test";
		};
		3518F72C2DCDCC4800DDB3C2 /* ARMoonUITests */ = {
			isa = PBXNativeTarget;
			buildConfigurationList = 3518F73D2DCDCC4800DDB3C2 /* Build configuration list for PBXNativeTarget "ARMoonUITests" */;
			buildPhases = (
				3518F7292DCDCC4800DDB3C2 /* Sources */,
				3518F72A2DCDCC4800DDB3C2 /* Frameworks */,
				3518F72B2DCDCC4800DDB3C2 /* Resources */,
			);
			buildRules = (
			);
			dependencies = (
				3518F72F2DCDCC4800DDB3C2 /* PBXTargetDependency */,
			);
			fileSystemSynchronizedGroups = (
				3518F7302DCDCC4800DDB3C2 /* ARMoonUITests */,
			);
			name = ARMoonUITests;
			packageProductDependencies = (
			);
			productName = ARMoonUITests;
			productReference = 3518F72D2DCDCC4800DDB3C2 /* ARMoonUITests.xctest */;
			productType = "com.apple.product-type.bundle.ui-testing";
		};
/* End PBXNativeTarget section */

/* Begin PBXProject section */
		3518F7062DCDCC4700DDB3C2 /* Project object */ = {
			isa = PBXProject;
			attributes = {
				BuildIndependentTargetsInParallel = 1;
				LastSwiftUpdateCheck = 1630;
				LastUpgradeCheck = 1630;
				TargetAttributes = {
					3518F70D2DCDCC4700DDB3C2 = {
						CreatedOnToolsVersion = 16.3;
					};
					3518F7222DCDCC4800DDB3C2 = {
						CreatedOnToolsVersion = 16.3;
						TestTargetID = 3518F70D2DCDCC4700DDB3C2;
					};
					3518F72C2DCDCC4800DDB3C2 = {
						CreatedOnToolsVersion = 16.3;
						TestTargetID = 3518F70D2DCDCC4700DDB3C2;
					};
				};
			};
			buildConfigurationList = 3518F7092DCDCC4700DDB3C2 /* Build configuration list for PBXProject "ARMoon" */;
			developmentRegion = en;
			hasScannedForEncodings = 0;
			knownRegions = (
				en,
				Base,
			);
			mainGroup = 3518F7052DCDCC4700DDB3C2;
			minimizedProjectReferenceProxies = 1;
			preferredProjectObjectVersion = 77;
			productRefGroup = 3518F70F2DCDCC4700DDB3C2 /* Products */;
			projectDirPath = "";
			projectRoot = "";
			targets = (
				3518F70D2DCDCC4700DDB3C2 /* ARMoon */,
				3518F7222DCDCC4800DDB3C2 /* ARMoonTests */,
				3518F72C2DCDCC4800DDB3C2 /* ARMoonUITests */,
			);
		};
/* End PBXProject section */

/* Begin PBXResourcesBuildPhase section */
		3518F70C2DCDCC4700DDB3C2 /* Resources */ = {
			isa = PBXResourcesBuildPhase;
			buildActionMask = 2147483647;
			files = (
			);
			runOnlyForDeploymentPostprocessing = 0;
		};
		3518F7212DCDCC4800DDB3C2 /* Resources */ = {
			isa = PBXResourcesBuildPhase;
			buildActionMask = 2147483647;
			files = (
			);
			runOnlyForDeploymentPostprocessing = 0;
		};
		3518F72B2DCDCC4800DDB3C2 /* Resources */ = {
			isa = PBXResourcesBuildPhase;
			buildActionMask = 2147483647;
			files = (
			);
			runOnlyForDeploymentPostprocessing = 0;
		};
/* End PBXResourcesBuildPhase section */

/* Begin PBXSourcesBuildPhase section */
		3518F70A2DCDCC4700DDB3C2 /* Sources */ = {
			isa = PBXSourcesBuildPhase;
			buildActionMask = 2147483647;
			files = (
			);
			runOnlyForDeploymentPostprocessing = 0;
		};
		3518F71F2DCDCC4800DDB3C2 /* Sources */ = {
			isa = PBXSourcesBuildPhase;
			buildActionMask = 2147483647;
			files = (
			);
			runOnlyForDeploymentPostprocessing = 0;
		};
		3518F7292DCDCC4800DDB3C2 /* Sources */ = {
			isa = PBXSourcesBuildPhase;
			buildActionMask = 2147483647;
			files = (
			);
			runOnlyForDeploymentPostprocessing = 0;
		};
/* End PBXSourcesBuildPhase section */

/* Begin PBXTargetDependency section */
		3518F7252DCDCC4800DDB3C2 /* PBXTargetDependency */ = {
			isa = PBXTargetDependency;
			target = 3518F70D2DCDCC4700DDB3C2 /* ARMoon */;
			targetProxy = 3518F7242DCDCC4800DDB3C2 /* PBXContainerItemProxy */;
		};
		3518F72F2DCDCC4800DDB3C2 /* PBXTargetDependency */ = {
			isa = PBXTargetDependency;
			target = 3518F70D2DCDCC4700DDB3C2 /* ARMoon */;
			targetProxy = 3518F72E2DCDCC4800DDB3C2 /* PBXContainerItemProxy */;
		};
/* End PBXTargetDependency section */

/* Begin XCBuildConfiguration section */
		3518F7352DCDCC4800DDB3C2 /* Debug */ = {
			isa = XCBuildConfiguration;
			buildSettings = {
				ALWAYS_SEARCH_USER_PATHS = NO;
				ASSETCATALOG_COMPILER_GENERATE_SWIFT_ASSET_SYMBOL_EXTENSIONS = YES;
				CLANG_ANALYZER_NONNULL = YES;
				CLANG_ANALYZER_NUMBER_OBJECT_CONVERSION = YES_AGGRESSIVE;
				CLANG_CXX_LANGUAGE_STANDARD = "gnu++20";
				CLANG_ENABLE_MODULES = YES;
				CLANG_ENABLE_OBJC_ARC = YES;
				CLANG_ENABLE_OBJC_WEAK = YES;
				CLANG_WARN_BLOCK_CAPTURE_AUTORELEASING = YES;
				CLANG_WARN_BOOL_CONVERSION = YES;
				CLANG_WARN_COMMA = YES;
				CLANG_WARN_CONSTANT_CONVERSION = YES;
				CLANG_WARN_DEPRECATED_OBJC_IMPLEMENTATIONS = YES;
				CLANG_WARN_DIRECT_OBJC_ISA_USAGE = YES_ERROR;
				CLANG_WARN_DOCUMENTATION_COMMENTS = YES;
				CLANG_WARN_EMPTY_BODY = YES;
				CLANG_WARN_ENUM_CONVERSION = YES;
				CLANG_WARN_INFINITE_RECURSION = YES;
				CLANG_WARN_INT_CONVERSION = YES;
				CLANG_WARN_NON_LITERAL_NULL_CONVERSION = YES;
				CLANG_WARN_OBJC_IMPLICIT_RETAIN_SELF = YES;
				CLANG_WARN_OBJC_LITERAL_CONVERSION = YES;
				CLANG_WARN_OBJC_ROOT_CLASS = YES_ERROR;
				CLANG_WARN_QUOTED_INCLUDE_IN_FRAMEWORK_HEADER = YES;
				CLANG_WARN_RANGE_LOOP_ANALYSIS = YES;
				CLANG_WARN_STRICT_PROTOTYPES = YES;
				CLANG_WARN_SUSPICIOUS_MOVE = YES;
				CLANG_WARN_UNGUARDED_AVAILABILITY = YES_AGGRESSIVE;
				CLANG_WARN_UNREACHABLE_CODE = YES;
				CLANG_WARN__DUPLICATE_METHOD_MATCH = YES;
				COPY_PHASE_STRIP = NO;
				DEBUG_INFORMATION_FORMAT = dwarf;
				DEVELOPMENT_TEAM = 9C2H2W6R2V;
				ENABLE_STRICT_OBJC_MSGSEND = YES;
				ENABLE_TESTABILITY = YES;
				ENABLE_USER_SCRIPT_SANDBOXING = YES;
				GCC_C_LANGUAGE_STANDARD = gnu17;
				GCC_DYNAMIC_NO_PIC = NO;
				GCC_NO_COMMON_BLOCKS = YES;
				GCC_OPTIMIZATION_LEVEL = 0;
				GCC_PREPROCESSOR_DEFINITIONS = (
					"DEBUG=1",
					"$(inherited)",
				);
				GCC_WARN_64_TO_32_BIT_CONVERSION = YES;
				GCC_WARN_ABOUT_RETURN_TYPE = YES_ERROR;
				GCC_WARN_UNDECLARED_SELECTOR = YES;
				GCC_WARN_UNINITIALIZED_AUTOS = YES_AGGRESSIVE;
				GCC_WARN_UNUSED_FUNCTION = YES;
				GCC_WARN_UNUSED_VARIABLE = YES;
				IPHONEOS_DEPLOYMENT_TARGET = 18.4;
				LOCALIZATION_PREFERS_STRING_CATALOGS = YES;
				MTL_ENABLE_DEBUG_INFO = INCLUDE_SOURCE;
				MTL_FAST_MATH = YES;
				ONLY_ACTIVE_ARCH = YES;
				SDKROOT = iphoneos;
				SWIFT_ACTIVE_COMPILATION_CONDITIONS = "DEBUG $(inherited)";
				SWIFT_OPTIMIZATION_LEVEL = "-Onone";
			};
			name = Debug;
		};
		3518F7362DCDCC4800DDB3C2 /* Release */ = {
			isa = XCBuildConfiguration;
			buildSettings = {
				ALWAYS_SEARCH_USER_PATHS = NO;
				ASSETCATALOG_COMPILER_GENERATE_SWIFT_ASSET_SYMBOL_EXTENSIONS = YES;
				CLANG_ANALYZER_NONNULL = YES;
				CLANG_ANALYZER_NUMBER_OBJECT_CONVERSION = YES_AGGRESSIVE;
				CLANG_CXX_LANGUAGE_STANDARD = "gnu++20";
				CLANG_ENABLE_MODULES = YES;
				CLANG_ENABLE_OBJC_ARC = YES;
				CLANG_ENABLE_OBJC_WEAK = YES;
				CLANG_WARN_BLOCK_CAPTURE_AUTORELEASING = YES;
				CLANG_WARN_BOOL_CONVERSION = YES;
				CLANG_WARN_COMMA = YES;
				CLANG_WARN_CONSTANT_CONVERSION = YES;
				CLANG_WARN_DEPRECATED_OBJC_IMPLEMENTATIONS = YES;
				CLANG_WARN_DIRECT_OBJC_ISA_USAGE = YES_ERROR;
				CLANG_WARN_DOCUMENTATION_COMMENTS = YES;
				CLANG_WARN_EMPTY_BODY = YES;
				CLANG_WARN_ENUM_CONVERSION = YES;
				CLANG_WARN_INFINITE_RECURSION = YES;
				CLANG_WARN_INT_CONVERSION = YES;
				CLANG_WARN_NON_LITERAL_NULL_CONVERSION = YES;
				CLANG_WARN_OBJC_IMPLICIT_RETAIN_SELF = YES;
				CLANG_WARN_OBJC_LITERAL_CONVERSION = YES;
				CLANG_WARN_OBJC_ROOT_CLASS = YES_ERROR;
				CLANG_WARN_QUOTED_INCLUDE_IN_FRAMEWORK_HEADER = YES;
				CLANG_WARN_RANGE_LOOP_ANALYSIS = YES;
				CLANG_WARN_STRICT_PROTOTYPES = YES;
				CLANG_WARN_SUSPICIOUS_MOVE = YES;
				CLANG_WARN_UNGUARDED_AVAILABILITY = YES_AGGRESSIVE;
				CLANG_WARN_UNREACHABLE_CODE = YES;
				CLANG_WARN__DUPLICATE_METHOD_MATCH = YES;
				COPY_PHASE_STRIP = NO;
				DEBUG_INFORMATION_FORMAT = "dwarf-with-dsym";
				DEVELOPMENT_TEAM = 9C2H2W6R2V;
				ENABLE_NS_ASSERTIONS = NO;
				ENABLE_STRICT_OBJC_MSGSEND = YES;
				ENABLE_USER_SCRIPT_SANDBOXING = YES;
				GCC_C_LANGUAGE_STANDARD = gnu17;
				GCC_NO_COMMON_BLOCKS = YES;
				GCC_WARN_64_TO_32_BIT_CONVERSION = YES;
				GCC_WARN_ABOUT_RETURN_TYPE = YES_ERROR;
				GCC_WARN_UNDECLARED_SELECTOR = YES;
				GCC_WARN_UNINITIALIZED_AUTOS = YES_AGGRESSIVE;
				GCC_WARN_UNUSED_FUNCTION = YES;
				GCC_WARN_UNUSED_VARIABLE = YES;
				IPHONEOS_DEPLOYMENT_TARGET = 18.4;
				LOCALIZATION_PREFERS_STRING_CATALOGS = YES;
				MTL_ENABLE_DEBUG_INFO = NO;
				MTL_FAST_MATH = YES;
				SDKROOT = iphoneos;
				SWIFT_COMPILATION_MODE = wholemodule;
				VALIDATE_PRODUCT = YES;
			};
			name = Release;
		};
		3518F7382DCDCC4800DDB3C2 /* Debug */ = {
			isa = XCBuildConfiguration;
			buildSettings = {
				ASSETCATALOG_COMPILER_APPICON_NAME = AppIcon;
				ASSETCATALOG_COMPILER_GLOBAL_ACCENT_COLOR_NAME = AccentColor;
				CODE_SIGN_STYLE = Automatic;
				CURRENT_PROJECT_VERSION = 1;
				DEVELOPMENT_TEAM = 9C2H2W6R2V;
				GENERATE_INFOPLIST_FILE = YES;
				INFOPLIST_KEY_NSCameraUsageDescription = "";
				INFOPLIST_KEY_UIApplicationSupportsIndirectInputEvents = YES;
				INFOPLIST_KEY_UILaunchStoryboardName = LaunchScreen;
				INFOPLIST_KEY_UIMainStoryboardFile = Main;
				INFOPLIST_KEY_UIRequiredDeviceCapabilities = arkit;
				INFOPLIST_KEY_UIStatusBarHidden = YES;
				INFOPLIST_KEY_UISupportedInterfaceOrientations_iPad = "UIInterfaceOrientationPortrait UIInterfaceOrientationPortraitUpsideDown UIInterfaceOrientationLandscapeLeft UIInterfaceOrientationLandscapeRight";
				INFOPLIST_KEY_UISupportedInterfaceOrientations_iPhone = "UIInterfaceOrientationPortrait UIInterfaceOrientationLandscapeLeft UIInterfaceOrientationLandscapeRight";
				LD_RUNPATH_SEARCH_PATHS = (
					"$(inherited)",
					"@executable_path/Frameworks",
				);
				MARKETING_VERSION = 1.0;
				PRODUCT_BUNDLE_IDENTIFIER = com.patrycja.oo.ARMoon;
				PRODUCT_NAME = "$(TARGET_NAME)";
				SWIFT_EMIT_LOC_STRINGS = YES;
				SWIFT_VERSION = 5.0;
				TARGETED_DEVICE_FAMILY = "1,2";
			};
			name = Debug;
		};
		3518F7392DCDCC4800DDB3C2 /* Release */ = {
			isa = XCBuildConfiguration;
			buildSettings = {
				ASSETCATALOG_COMPILER_APPICON_NAME = AppIcon;
				ASSETCATALOG_COMPILER_GLOBAL_ACCENT_COLOR_NAME = AccentColor;
				CODE_SIGN_STYLE = Automatic;
				CURRENT_PROJECT_VERSION = 1;
				DEVELOPMENT_TEAM = 9C2H2W6R2V;
				GENERATE_INFOPLIST_FILE = YES;
				INFOPLIST_KEY_NSCameraUsageDescription = "";
				INFOPLIST_KEY_UIApplicationSupportsIndirectInputEvents = YES;
				INFOPLIST_KEY_UILaunchStoryboardName = LaunchScreen;
				INFOPLIST_KEY_UIMainStoryboardFile = Main;
				INFOPLIST_KEY_UIRequiredDeviceCapabilities = arkit;
				INFOPLIST_KEY_UIStatusBarHidden = YES;
				INFOPLIST_KEY_UISupportedInterfaceOrientations_iPad = "UIInterfaceOrientationPortrait UIInterfaceOrientationPortraitUpsideDown UIInterfaceOrientationLandscapeLeft UIInterfaceOrientationLandscapeRight";
				INFOPLIST_KEY_UISupportedInterfaceOrientations_iPhone = "UIInterfaceOrientationPortrait UIInterfaceOrientationLandscapeLeft UIInterfaceOrientationLandscapeRight";
				LD_RUNPATH_SEARCH_PATHS = (
					"$(inherited)",
					"@executable_path/Frameworks",
				);
				MARKETING_VERSION = 1.0;
				PRODUCT_BUNDLE_IDENTIFIER = com.patrycja.oo.ARMoon;
				PRODUCT_NAME = "$(TARGET_NAME)";
				SWIFT_EMIT_LOC_STRINGS = YES;
				SWIFT_VERSION = 5.0;
				TARGETED_DEVICE_FAMILY = "1,2";
			};
			name = Release;
		};
		3518F73B2DCDCC4800DDB3C2 /* Debug */ = {
			isa = XCBuildConfiguration;
			buildSettings = {
				BUNDLE_LOADER = "$(TEST_HOST)";
				CODE_SIGN_STYLE = Automatic;
				CURRENT_PROJECT_VERSION = 1;
				DEVELOPMENT_TEAM = 9C2H2W6R2V;
				GENERATE_INFOPLIST_FILE = YES;
				IPHONEOS_DEPLOYMENT_TARGET = 18.4;
				MARKETING_VERSION = 1.0;
				PRODUCT_BUNDLE_IDENTIFIER = com.patrycja.oo.ARMoonTests;
				PRODUCT_NAME = "$(TARGET_NAME)";
				SWIFT_EMIT_LOC_STRINGS = NO;
				SWIFT_VERSION = 5.0;
				TARGETED_DEVICE_FAMILY = "1,2";
				TEST_HOST = "$(BUILT_PRODUCTS_DIR)/ARMoon.app/$(BUNDLE_EXECUTABLE_FOLDER_PATH)/ARMoon";
			};
			name = Debug;
		};
		3518F73C2DCDCC4800DDB3C2 /* Release */ = {
			isa = XCBuildConfiguration;
			buildSettings = {
				BUNDLE_LOADER = "$(TEST_HOST)";
				CODE_SIGN_STYLE = Automatic;
				CURRENT_PROJECT_VERSION = 1;
				DEVELOPMENT_TEAM = 9C2H2W6R2V;
				GENERATE_INFOPLIST_FILE = YES;
				IPHONEOS_DEPLOYMENT_TARGET = 18.4;
				MARKETING_VERSION = 1.0;
				PRODUCT_BUNDLE_IDENTIFIER = com.patrycja.oo.ARMoonTests;
				PRODUCT_NAME = "$(TARGET_NAME)";
				SWIFT_EMIT_LOC_STRINGS = NO;
				SWIFT_VERSION = 5.0;
				TARGETED_DEVICE_FAMILY = "1,2";
				TEST_HOST = "$(BUILT_PRODUCTS_DIR)/ARMoon.app/$(BUNDLE_EXECUTABLE_FOLDER_PATH)/ARMoon";
			};
			name = Release;
		};
		3518F73E2DCDCC4800DDB3C2 /* Debug */ = {
			isa = XCBuildConfiguration;
			buildSettings = {
				CODE_SIGN_STYLE = Automatic;
				CURRENT_PROJECT_VERSION = 1;
				DEVELOPMENT_TEAM = 9C2H2W6R2V;
				GENERATE_INFOPLIST_FILE = YES;
				MARKETING_VERSION = 1.0;
				PRODUCT_BUNDLE_IDENTIFIER = com.patrycja.oo.ARMoonUITests;
				PRODUCT_NAME = "$(TARGET_NAME)";
				SWIFT_EMIT_LOC_STRINGS = NO;
				SWIFT_VERSION = 5.0;
				TARGETED_DEVICE_FAMILY = "1,2";
				TEST_TARGET_NAME = ARMoon;
			};
			name = Debug;
		};
		3518F73F2DCDCC4800DDB3C2 /* Release */ = {
			isa = XCBuildConfiguration;
			buildSettings = {
				CODE_SIGN_STYLE = Automatic;
				CURRENT_PROJECT_VERSION = 1;
				DEVELOPMENT_TEAM = 9C2H2W6R2V;
				GENERATE_INFOPLIST_FILE = YES;
				MARKETING_VERSION = 1.0;
				PRODUCT_BUNDLE_IDENTIFIER = com.patrycja.oo.ARMoonUITests;
				PRODUCT_NAME = "$(TARGET_NAME)";
				SWIFT_EMIT_LOC_STRINGS = NO;
				SWIFT_VERSION = 5.0;
				TARGETED_DEVICE_FAMILY = "1,2";
				TEST_TARGET_NAME = ARMoon;
			};
			name = Release;
		};
/* End XCBuildConfiguration section */

/* Begin XCConfigurationList section */
		3518F7092DCDCC4700DDB3C2 /* Build configuration list for PBXProject "ARMoon" */ = {
			isa = XCConfigurationList;
			buildConfigurations = (
				3518F7352DCDCC4800DDB3C2 /* Debug */,
				3518F7362DCDCC4800DDB3C2 /* Release */,
			);
			defaultConfigurationIsVisible = 0;
			defaultConfigurationName = Release;
		};
		3518F7372DCDCC4800DDB3C2 /* Build configuration list for PBXNativeTarget "ARMoon" */ = {
			isa = XCConfigurationList;
			buildConfigurations = (
				3518F7382DCDCC4800DDB3C2 /* Debug */,
				3518F7392DCDCC4800DDB3C2 /* Release */,
			);
			defaultConfigurationIsVisible = 0;
			defaultConfigurationName = Release;
		};
		3518F73A2DCDCC4800DDB3C2 /* Build configuration list for PBXNativeTarget "ARMoonTests" */ = {
			isa = XCConfigurationList;
			buildConfigurations = (
				3518F73B2DCDCC4800DDB3C2 /* Debug */,
				3518F73C2DCDCC4800DDB3C2 /* Release */,
			);
			defaultConfigurationIsVisible = 0;
			defaultConfigurationName = Release;
		};
		3518F73D2DCDCC4800DDB3C2 /* Build configuration list for PBXNativeTarget "ARMoonUITests" */ = {
			isa = XCConfigurationList;
			buildConfigurations = (
				3518F73E2DCDCC4800DDB3C2 /* Debug */,
				3518F73F2DCDCC4800DDB3C2 /* Release */,
			);
			defaultConfigurationIsVisible = 0;
			defaultConfigurationName = Release;
		};
/* End XCConfigurationList section */
	};
	rootObject = 3518F7062DCDCC4700DDB3C2 /* Project object */;
}
