// !$*UTF8*$!
{
	archiveVersion = 1;
	classes = {
	};
	objectVersion = 77;
	objects = {

/* Begin PBXContainerItemProxy section */
		356CBB872DC1E4BB0034D29A /* PBXContainerItemProxy */ = {
			isa = PBXContainerItemProxy;
			containerPortal = 356CBB682DC1E4B90034D29A /* Project object */;
			proxyType = 1;
			remoteGlobalIDString = 356CBB6F2DC1E4B90034D29A;
			remoteInfo = "InspoQuotes-iOS15";
		};
		356CBB912DC1E4BB0034D29A /* PBXContainerItemProxy */ = {
			isa = PBXContainerItemProxy;
			containerPortal = 356CBB682DC1E4B90034D29A /* Project object */;
			proxyType = 1;
			remoteGlobalIDString = 356CBB6F2DC1E4B90034D29A;
			remoteInfo = "InspoQuotes-iOS15";
		};
/* End PBXContainerItemProxy section */

/* Begin PBXFileReference section */
		356CBB702DC1E4B90034D29A /* InspoQuotes-iOS15.app */ = {isa = PBXFileReference; explicitFileType = wrapper.application; includeInIndex = 0; path = "InspoQuotes-iOS15.app"; sourceTree = BUILT_PRODUCTS_DIR; };
		356CBB862DC1E4BB0034D29A /* InspoQuotes-iOS15Tests.xctest */ = {isa = PBXFileReference; explicitFileType = wrapper.cfbundle; includeInIndex = 0; path = "InspoQuotes-iOS15Tests.xctest"; sourceTree = BUILT_PRODUCTS_DIR; };
		356CBB902DC1E4BB0034D29A /* InspoQuotes-iOS15UITests.xctest */ = {isa = PBXFileReference; explicitFileType = wrapper.cfbundle; includeInIndex = 0; path = "InspoQuotes-iOS15UITests.xctest"; sourceTree = BUILT_PRODUCTS_DIR; };
/* End PBXFileReference section */

/* Begin PBXFileSystemSynchronizedBuildFileExceptionSet section */
		356CBB982DC1E4BB0034D29A /* Exceptions for "InspoQuotes-iOS15" folder in "InspoQuotes-iOS15" target */ = {
			isa = PBXFileSystemSynchronizedBuildFileExceptionSet;
			membershipExceptions = (
				Info.plist,
			);
			target = 356CBB6F2DC1E4B90034D29A /* InspoQuotes-iOS15 */;
		};
/* End PBXFileSystemSynchronizedBuildFileExceptionSet section */

/* Begin PBXFileSystemSynchronizedRootGroup section */
		356CBB722DC1E4BA0034D29A /* InspoQuotes-iOS15 */ = {
			isa = PBXFileSystemSynchronizedRootGroup;
			exceptions = (
				356CBB982DC1E4BB0034D29A /* Exceptions for "InspoQuotes-iOS15" folder in "InspoQuotes-iOS15" target */,
			);
			path = "InspoQuotes-iOS15";
			sourceTree = "<group>";
		};
		356CBB892DC1E4BB0034D29A /* InspoQuotes-iOS15Tests */ = {
			isa = PBXFileSystemSynchronizedRootGroup;
			path = "InspoQuotes-iOS15Tests";
			sourceTree = "<group>";
		};
		356CBB932DC1E4BB0034D29A /* InspoQuotes-iOS15UITests */ = {
			isa = PBXFileSystemSynchronizedRootGroup;
			path = "InspoQuotes-iOS15UITests";
			sourceTree = "<group>";
		};
/* End PBXFileSystemSynchronizedRootGroup section */

/* Begin PBXFrameworksBuildPhase section */
		356CBB6D2DC1E4B90034D29A /* Frameworks */ = {
			isa = PBXFrameworksBuildPhase;
			buildActionMask = 2147483647;
			files = (
			);
			runOnlyForDeploymentPostprocessing = 0;
		};
		356CBB832DC1E4BB0034D29A /* Frameworks */ = {
			isa = PBXFrameworksBuildPhase;
			buildActionMask = 2147483647;
			files = (
			);
			runOnlyForDeploymentPostprocessing = 0;
		};
		356CBB8D2DC1E4BB0034D29A /* Frameworks */ = {
			isa = PBXFrameworksBuildPhase;
			buildActionMask = 2147483647;
			files = (
			);
			runOnlyForDeploymentPostprocessing = 0;
		};
/* End PBXFrameworksBuildPhase section */

/* Begin PBXGroup section */
		356CBB672DC1E4B90034D29A = {
			isa = PBXGroup;
			children = (
				356CBB722DC1E4BA0034D29A /* InspoQuotes-iOS15 */,
				356CBB892DC1E4BB0034D29A /* InspoQuotes-iOS15Tests */,
				356CBB932DC1E4BB0034D29A /* InspoQuotes-iOS15UITests */,
				356CBB712DC1E4B90034D29A /* Products */,
			);
			sourceTree = "<group>";
		};
		356CBB712DC1E4B90034D29A /* Products */ = {
			isa = PBXGroup;
			children = (
				356CBB702DC1E4B90034D29A /* InspoQuotes-iOS15.app */,
				356CBB862DC1E4BB0034D29A /* InspoQuotes-iOS15Tests.xctest */,
				356CBB902DC1E4BB0034D29A /* InspoQuotes-iOS15UITests.xctest */,
			);
			name = Products;
			sourceTree = "<group>";
		};
/* End PBXGroup section */

/* Begin PBXNativeTarget section */
		356CBB6F2DC1E4B90034D29A /* InspoQuotes-iOS15 */ = {
			isa = PBXNativeTarget;
			buildConfigurationList = 356CBB992DC1E4BB0034D29A /* Build configuration list for PBXNativeTarget "InspoQuotes-iOS15" */;
			buildPhases = (
				356CBB6C2DC1E4B90034D29A /* Sources */,
				356CBB6D2DC1E4B90034D29A /* Frameworks */,
				356CBB6E2DC1E4B90034D29A /* Resources */,
			);
			buildRules = (
			);
			dependencies = (
			);
			fileSystemSynchronizedGroups = (
				356CBB722DC1E4BA0034D29A /* InspoQuotes-iOS15 */,
			);
			name = "InspoQuotes-iOS15";
			packageProductDependencies = (
			);
			productName = "InspoQuotes-iOS15";
			productReference = 356CBB702DC1E4B90034D29A /* InspoQuotes-iOS15.app */;
			productType = "com.apple.product-type.application";
		};
		356CBB852DC1E4BB0034D29A /* InspoQuotes-iOS15Tests */ = {
			isa = PBXNativeTarget;
			buildConfigurationList = 356CBB9E2DC1E4BB0034D29A /* Build configuration list for PBXNativeTarget "InspoQuotes-iOS15Tests" */;
			buildPhases = (
				356CBB822DC1E4BB0034D29A /* Sources */,
				356CBB832DC1E4BB0034D29A /* Frameworks */,
				356CBB842DC1E4BB0034D29A /* Resources */,
			);
			buildRules = (
			);
			dependencies = (
				356CBB882DC1E4BB0034D29A /* PBXTargetDependency */,
			);
			fileSystemSynchronizedGroups = (
				356CBB892DC1E4BB0034D29A /* InspoQuotes-iOS15Tests */,
			);
			name = "InspoQuotes-iOS15Tests";
			packageProductDependencies = (
			);
			productName = "InspoQuotes-iOS15Tests";
			productReference = 356CBB862DC1E4BB0034D29A /* InspoQuotes-iOS15Tests.xctest */;
			productType = "com.apple.product-type.bundle.unit-test";
		};
		356CBB8F2DC1E4BB0034D29A /* InspoQuotes-iOS15UITests */ = {
			isa = PBXNativeTarget;
			buildConfigurationList = 356CBBA12DC1E4BB0034D29A /* Build configuration list for PBXNativeTarget "InspoQuotes-iOS15UITests" */;
			buildPhases = (
				356CBB8C2DC1E4BB0034D29A /* Sources */,
				356CBB8D2DC1E4BB0034D29A /* Frameworks */,
				356CBB8E2DC1E4BB0034D29A /* Resources */,
			);
			buildRules = (
			);
			dependencies = (
				356CBB922DC1E4BB0034D29A /* PBXTargetDependency */,
			);
			fileSystemSynchronizedGroups = (
				356CBB932DC1E4BB0034D29A /* InspoQuotes-iOS15UITests */,
			);
			name = "InspoQuotes-iOS15UITests";
			packageProductDependencies = (
			);
			productName = "InspoQuotes-iOS15UITests";
			productReference = 356CBB902DC1E4BB0034D29A /* InspoQuotes-iOS15UITests.xctest */;
			productType = "com.apple.product-type.bundle.ui-testing";
		};
/* End PBXNativeTarget section */

/* Begin PBXProject section */
		356CBB682DC1E4B90034D29A /* Project object */ = {
			isa = PBXProject;
			attributes = {
				BuildIndependentTargetsInParallel = 1;
				LastSwiftUpdateCheck = 1630;
				LastUpgradeCheck = 1630;
				TargetAttributes = {
					356CBB6F2DC1E4B90034D29A = {
						CreatedOnToolsVersion = 16.3;
					};
					356CBB852DC1E4BB0034D29A = {
						CreatedOnToolsVersion = 16.3;
						TestTargetID = 356CBB6F2DC1E4B90034D29A;
					};
					356CBB8F2DC1E4BB0034D29A = {
						CreatedOnToolsVersion = 16.3;
						TestTargetID = 356CBB6F2DC1E4B90034D29A;
					};
				};
			};
			buildConfigurationList = 356CBB6B2DC1E4B90034D29A /* Build configuration list for PBXProject "InspoQuotes-iOS15" */;
			developmentRegion = en;
			hasScannedForEncodings = 0;
			knownRegions = (
				en,
				Base,
			);
			mainGroup = 356CBB672DC1E4B90034D29A;
			minimizedProjectReferenceProxies = 1;
			preferredProjectObjectVersion = 77;
			productRefGroup = 356CBB712DC1E4B90034D29A /* Products */;
			projectDirPath = "";
			projectRoot = "";
			targets = (
				356CBB6F2DC1E4B90034D29A /* InspoQuotes-iOS15 */,
				356CBB852DC1E4BB0034D29A /* InspoQuotes-iOS15Tests */,
				356CBB8F2DC1E4BB0034D29A /* InspoQuotes-iOS15UITests */,
			);
		};
/* End PBXProject section */

/* Begin PBXResourcesBuildPhase section */
		356CBB6E2DC1E4B90034D29A /* Resources */ = {
			isa = PBXResourcesBuildPhase;
			buildActionMask = 2147483647;
			files = (
			);
			runOnlyForDeploymentPostprocessing = 0;
		};
		356CBB842DC1E4BB0034D29A /* Resources */ = {
			isa = PBXResourcesBuildPhase;
			buildActionMask = 2147483647;
			files = (
			);
			runOnlyForDeploymentPostprocessing = 0;
		};
		356CBB8E2DC1E4BB0034D29A /* Resources */ = {
			isa = PBXResourcesBuildPhase;
			buildActionMask = 2147483647;
			files = (
			);
			runOnlyForDeploymentPostprocessing = 0;
		};
/* End PBXResourcesBuildPhase section */

/* Begin PBXSourcesBuildPhase section */
		356CBB6C2DC1E4B90034D29A /* Sources */ = {
			isa = PBXSourcesBuildPhase;
			buildActionMask = 2147483647;
			files = (
			);
			runOnlyForDeploymentPostprocessing = 0;
		};
		356CBB822DC1E4BB0034D29A /* Sources */ = {
			isa = PBXSourcesBuildPhase;
			buildActionMask = 2147483647;
			files = (
			);
			runOnlyForDeploymentPostprocessing = 0;
		};
		356CBB8C2DC1E4BB0034D29A /* Sources */ = {
			isa = PBXSourcesBuildPhase;
			buildActionMask = 2147483647;
			files = (
			);
			runOnlyForDeploymentPostprocessing = 0;
		};
/* End PBXSourcesBuildPhase section */

/* Begin PBXTargetDependency section */
		356CBB882DC1E4BB0034D29A /* PBXTargetDependency */ = {
			isa = PBXTargetDependency;
			target = 356CBB6F2DC1E4B90034D29A /* InspoQuotes-iOS15 */;
			targetProxy = 356CBB872DC1E4BB0034D29A /* PBXContainerItemProxy */;
		};
		356CBB922DC1E4BB0034D29A /* PBXTargetDependency */ = {
			isa = PBXTargetDependency;
			target = 356CBB6F2DC1E4B90034D29A /* InspoQuotes-iOS15 */;
			targetProxy = 356CBB912DC1E4BB0034D29A /* PBXContainerItemProxy */;
		};
/* End PBXTargetDependency section */

/* Begin XCBuildConfiguration section */
		356CBB9A2DC1E4BB0034D29A /* Debug */ = {
			isa = XCBuildConfiguration;
			buildSettings = {
				ASSETCATALOG_COMPILER_APPICON_NAME = AppIcon;
				ASSETCATALOG_COMPILER_GLOBAL_ACCENT_COLOR_NAME = AccentColor;
				CODE_SIGN_STYLE = Automatic;
				CURRENT_PROJECT_VERSION = 1;
				DEVELOPMENT_TEAM = 9C2H2W6R2V;
				GENERATE_INFOPLIST_FILE = YES;
				INFOPLIST_FILE = "InspoQuotes-iOS15/Info.plist";
				INFOPLIST_KEY_UIApplicationSupportsIndirectInputEvents = YES;
				INFOPLIST_KEY_UILaunchStoryboardName = LaunchScreen;
				INFOPLIST_KEY_UIMainStoryboardFile = Main;
				INFOPLIST_KEY_UISupportedInterfaceOrientations_iPad = "UIInterfaceOrientationPortrait UIInterfaceOrientationPortraitUpsideDown UIInterfaceOrientationLandscapeLeft UIInterfaceOrientationLandscapeRight";
				INFOPLIST_KEY_UISupportedInterfaceOrientations_iPhone = "UIInterfaceOrientationPortrait UIInterfaceOrientationLandscapeLeft UIInterfaceOrientationLandscapeRight";
				IPHONEOS_DEPLOYMENT_TARGET = 15.6;
				LD_RUNPATH_SEARCH_PATHS = (
					"$(inherited)",
					"@executable_path/Frameworks",
				);
				MARKETING_VERSION = 1.0;
				PRODUCT_BUNDLE_IDENTIFIER = "com.patrycja.oo.InspoQuotes-iOS15";
				PRODUCT_NAME = "$(TARGET_NAME)";
				SWIFT_EMIT_LOC_STRINGS = YES;
				SWIFT_VERSION = 5.0;
				TARGETED_DEVICE_FAMILY = "1,2";
			};
			name = Debug;
		};
		356CBB9B2DC1E4BB0034D29A /* Release */ = {
			isa = XCBuildConfiguration;
			buildSettings = {
				ASSETCATALOG_COMPILER_APPICON_NAME = AppIcon;
				ASSETCATALOG_COMPILER_GLOBAL_ACCENT_COLOR_NAME = AccentColor;
				CODE_SIGN_STYLE = Automatic;
				CURRENT_PROJECT_VERSION = 1;
				DEVELOPMENT_TEAM = 9C2H2W6R2V;
				GENERATE_INFOPLIST_FILE = YES;
				INFOPLIST_FILE = "InspoQuotes-iOS15/Info.plist";
				INFOPLIST_KEY_UIApplicationSupportsIndirectInputEvents = YES;
				INFOPLIST_KEY_UILaunchStoryboardName = LaunchScreen;
				INFOPLIST_KEY_UIMainStoryboardFile = Main;
				INFOPLIST_KEY_UISupportedInterfaceOrientations_iPad = "UIInterfaceOrientationPortrait UIInterfaceOrientationPortraitUpsideDown UIInterfaceOrientationLandscapeLeft UIInterfaceOrientationLandscapeRight";
				INFOPLIST_KEY_UISupportedInterfaceOrientations_iPhone = "UIInterfaceOrientationPortrait UIInterfaceOrientationLandscapeLeft UIInterfaceOrientationLandscapeRight";
				IPHONEOS_DEPLOYMENT_TARGET = 15.6;
				LD_RUNPATH_SEARCH_PATHS = (
					"$(inherited)",
					"@executable_path/Frameworks",
				);
				MARKETING_VERSION = 1.0;
				PRODUCT_BUNDLE_IDENTIFIER = "com.patrycja.oo.InspoQuotes-iOS15";
				PRODUCT_NAME = "$(TARGET_NAME)";
				SWIFT_EMIT_LOC_STRINGS = YES;
				SWIFT_VERSION = 5.0;
				TARGETED_DEVICE_FAMILY = "1,2";
			};
			name = Release;
		};
		356CBB9C2DC1E4BB0034D29A /* Debug */ = {
			isa = XCBuildConfiguration;
			buildSettings = {
				ALWAYS_SEARCH_USER_PATHS = NO;
				ASSETCATALOG_COMPILER_GENERATE_SWIFT_ASSET_SYMBOL_EXTENSIONS = YES;
				CLANG_ANALYZER_NONNULL = YES;
				CLANG_ANALYZER_NUMBER_OBJECT_CONVERSION = YES_AGGRESSIVE;
				CLANG_CXX_LANGUAGE_STANDARD = "gnu++20";
				CLANG_ENABLE_MODULES = YES;
				CLANG_ENABLE_OBJC_ARC = YES;
				CLANG_ENABLE_OBJC_WEAK = YES;
				CLANG_WARN_BLOCK_CAPTURE_AUTORELEASING = YES;
				CLANG_WARN_BOOL_CONVERSION = YES;
				CLANG_WARN_COMMA = YES;
				CLANG_WARN_CONSTANT_CONVERSION = YES;
				CLANG_WARN_DEPRECATED_OBJC_IMPLEMENTATIONS = YES;
				CLANG_WARN_DIRECT_OBJC_ISA_USAGE = YES_ERROR;
				CLANG_WARN_DOCUMENTATION_COMMENTS = YES;
				CLANG_WARN_EMPTY_BODY = YES;
				CLANG_WARN_ENUM_CONVERSION = YES;
				CLANG_WARN_INFINITE_RECURSION = YES;
				CLANG_WARN_INT_CONVERSION = YES;
				CLANG_WARN_NON_LITERAL_NULL_CONVERSION = YES;
				CLANG_WARN_OBJC_IMPLICIT_RETAIN_SELF = YES;
				CLANG_WARN_OBJC_LITERAL_CONVERSION = YES;
				CLANG_WARN_OBJC_ROOT_CLASS = YES_ERROR;
				CLANG_WARN_QUOTED_INCLUDE_IN_FRAMEWORK_HEADER = YES;
				CLANG_WARN_RANGE_LOOP_ANALYSIS = YES;
				CLANG_WARN_STRICT_PROTOTYPES = YES;
				CLANG_WARN_SUSPICIOUS_MOVE = YES;
				CLANG_WARN_UNGUARDED_AVAILABILITY = YES_AGGRESSIVE;
				CLANG_WARN_UNREACHABLE_CODE = YES;
				CLANG_WARN__DUPLICATE_METHOD_MATCH = YES;
				COPY_PHASE_STRIP = NO;
				DEBUG_INFORMATION_FORMAT = dwarf;
				DEVELOPMENT_TEAM = 9C2H2W6R2V;
				ENABLE_STRICT_OBJC_MSGSEND = YES;
				ENABLE_TESTABILITY = YES;
				ENABLE_USER_SCRIPT_SANDBOXING = YES;
				GCC_C_LANGUAGE_STANDARD = gnu17;
				GCC_DYNAMIC_NO_PIC = NO;
				GCC_NO_COMMON_BLOCKS = YES;
				GCC_OPTIMIZATION_LEVEL = 0;
				GCC_PREPROCESSOR_DEFINITIONS = (
					"DEBUG=1",
					"$(inherited)",
				);
				GCC_WARN_64_TO_32_BIT_CONVERSION = YES;
				GCC_WARN_ABOUT_RETURN_TYPE = YES_ERROR;
				GCC_WARN_UNDECLARED_SELECTOR = YES;
				GCC_WARN_UNINITIALIZED_AUTOS = YES_AGGRESSIVE;
				GCC_WARN_UNUSED_FUNCTION = YES;
				GCC_WARN_UNUSED_VARIABLE = YES;
				IPHONEOS_DEPLOYMENT_TARGET = 18.4;
				LOCALIZATION_PREFERS_STRING_CATALOGS = YES;
				MTL_ENABLE_DEBUG_INFO = INCLUDE_SOURCE;
				MTL_FAST_MATH = YES;
				ONLY_ACTIVE_ARCH = YES;
				SDKROOT = iphoneos;
				SWIFT_ACTIVE_COMPILATION_CONDITIONS = "DEBUG $(inherited)";
				SWIFT_OPTIMIZATION_LEVEL = "-Onone";
			};
			name = Debug;
		};
		356CBB9D2DC1E4BB0034D29A /* Release */ = {
			isa = XCBuildConfiguration;
			buildSettings = {
				ALWAYS_SEARCH_USER_PATHS = NO;
				ASSETCATALOG_COMPILER_GENERATE_SWIFT_ASSET_SYMBOL_EXTENSIONS = YES;
				CLANG_ANALYZER_NONNULL = YES;
				CLANG_ANALYZER_NUMBER_OBJECT_CONVERSION = YES_AGGRESSIVE;
				CLANG_CXX_LANGUAGE_STANDARD = "gnu++20";
				CLANG_ENABLE_MODULES = YES;
				CLANG_ENABLE_OBJC_ARC = YES;
				CLANG_ENABLE_OBJC_WEAK = YES;
				CLANG_WARN_BLOCK_CAPTURE_AUTORELEASING = YES;
				CLANG_WARN_BOOL_CONVERSION = YES;
				CLANG_WARN_COMMA = YES;
				CLANG_WARN_CONSTANT_CONVERSION = YES;
				CLANG_WARN_DEPRECATED_OBJC_IMPLEMENTATIONS = YES;
				CLANG_WARN_DIRECT_OBJC_ISA_USAGE = YES_ERROR;
				CLANG_WARN_DOCUMENTATION_COMMENTS = YES;
				CLANG_WARN_EMPTY_BODY = YES;
				CLANG_WARN_ENUM_CONVERSION = YES;
				CLANG_WARN_INFINITE_RECURSION = YES;
				CLANG_WARN_INT_CONVERSION = YES;
				CLANG_WARN_NON_LITERAL_NULL_CONVERSION = YES;
				CLANG_WARN_OBJC_IMPLICIT_RETAIN_SELF = YES;
				CLANG_WARN_OBJC_LITERAL_CONVERSION = YES;
				CLANG_WARN_OBJC_ROOT_CLASS = YES_ERROR;
				CLANG_WARN_QUOTED_INCLUDE_IN_FRAMEWORK_HEADER = YES;
				CLANG_WARN_RANGE_LOOP_ANALYSIS = YES;
				CLANG_WARN_STRICT_PROTOTYPES = YES;
				CLANG_WARN_SUSPICIOUS_MOVE = YES;
				CLANG_WARN_UNGUARDED_AVAILABILITY = YES_AGGRESSIVE;
				CLANG_WARN_UNREACHABLE_CODE = YES;
				CLANG_WARN__DUPLICATE_METHOD_MATCH = YES;
				COPY_PHASE_STRIP = NO;
				DEBUG_INFORMATION_FORMAT = "dwarf-with-dsym";
				DEVELOPMENT_TEAM = 9C2H2W6R2V;
				ENABLE_NS_ASSERTIONS = NO;
				ENABLE_STRICT_OBJC_MSGSEND = YES;
				ENABLE_USER_SCRIPT_SANDBOXING = YES;
				GCC_C_LANGUAGE_STANDARD = gnu17;
				GCC_NO_COMMON_BLOCKS = YES;
				GCC_WARN_64_TO_32_BIT_CONVERSION = YES;
				GCC_WARN_ABOUT_RETURN_TYPE = YES_ERROR;
				GCC_WARN_UNDECLARED_SELECTOR = YES;
				GCC_WARN_UNINITIALIZED_AUTOS = YES_AGGRESSIVE;
				GCC_WARN_UNUSED_FUNCTION = YES;
				GCC_WARN_UNUSED_VARIABLE = YES;
				IPHONEOS_DEPLOYMENT_TARGET = 18.4;
				LOCALIZATION_PREFERS_STRING_CATALOGS = YES;
				MTL_ENABLE_DEBUG_INFO = NO;
				MTL_FAST_MATH = YES;
				SDKROOT = iphoneos;
				SWIFT_COMPILATION_MODE = wholemodule;
				VALIDATE_PRODUCT = YES;
			};
			name = Release;
		};
		356CBB9F2DC1E4BB0034D29A /* Debug */ = {
			isa = XCBuildConfiguration;
			buildSettings = {
				BUNDLE_LOADER = "$(TEST_HOST)";
				CODE_SIGN_STYLE = Automatic;
				CURRENT_PROJECT_VERSION = 1;
				DEVELOPMENT_TEAM = 9C2H2W6R2V;
				GENERATE_INFOPLIST_FILE = YES;
				IPHONEOS_DEPLOYMENT_TARGET = 18.4;
				MARKETING_VERSION = 1.0;
				PRODUCT_BUNDLE_IDENTIFIER = "com.patrycja.oo.InspoQuotes-iOS15Tests";
				PRODUCT_NAME = "$(TARGET_NAME)";
				SWIFT_EMIT_LOC_STRINGS = NO;
				SWIFT_VERSION = 5.0;
				TARGETED_DEVICE_FAMILY = "1,2";
				TEST_HOST = "$(BUILT_PRODUCTS_DIR)/InspoQuotes-iOS15.app/$(BUNDLE_EXECUTABLE_FOLDER_PATH)/InspoQuotes-iOS15";
			};
			name = Debug;
		};
		356CBBA02DC1E4BB0034D29A /* Release */ = {
			isa = XCBuildConfiguration;
			buildSettings = {
				BUNDLE_LOADER = "$(TEST_HOST)";
				CODE_SIGN_STYLE = Automatic;
				CURRENT_PROJECT_VERSION = 1;
				DEVELOPMENT_TEAM = 9C2H2W6R2V;
				GENERATE_INFOPLIST_FILE = YES;
				IPHONEOS_DEPLOYMENT_TARGET = 18.4;
				MARKETING_VERSION = 1.0;
				PRODUCT_BUNDLE_IDENTIFIER = "com.patrycja.oo.InspoQuotes-iOS15Tests";
				PRODUCT_NAME = "$(TARGET_NAME)";
				SWIFT_EMIT_LOC_STRINGS = NO;
				SWIFT_VERSION = 5.0;
				TARGETED_DEVICE_FAMILY = "1,2";
				TEST_HOST = "$(BUILT_PRODUCTS_DIR)/InspoQuotes-iOS15.app/$(BUNDLE_EXECUTABLE_FOLDER_PATH)/InspoQuotes-iOS15";
			};
			name = Release;
		};
		356CBBA22DC1E4BB0034D29A /* Debug */ = {
			isa = XCBuildConfiguration;
			buildSettings = {
				CODE_SIGN_STYLE = Automatic;
				CURRENT_PROJECT_VERSION = 1;
				DEVELOPMENT_TEAM = 9C2H2W6R2V;
				GENERATE_INFOPLIST_FILE = YES;
				MARKETING_VERSION = 1.0;
				PRODUCT_BUNDLE_IDENTIFIER = "com.patrycja.oo.InspoQuotes-iOS15UITests";
				PRODUCT_NAME = "$(TARGET_NAME)";
				SWIFT_EMIT_LOC_STRINGS = NO;
				SWIFT_VERSION = 5.0;
				TARGETED_DEVICE_FAMILY = "1,2";
				TEST_TARGET_NAME = "InspoQuotes-iOS15";
			};
			name = Debug;
		};
		356CBBA32DC1E4BB0034D29A /* Release */ = {
			isa = XCBuildConfiguration;
			buildSettings = {
				CODE_SIGN_STYLE = Automatic;
				CURRENT_PROJECT_VERSION = 1;
				DEVELOPMENT_TEAM = 9C2H2W6R2V;
				GENERATE_INFOPLIST_FILE = YES;
				MARKETING_VERSION = 1.0;
				PRODUCT_BUNDLE_IDENTIFIER = "com.patrycja.oo.InspoQuotes-iOS15UITests";
				PRODUCT_NAME = "$(TARGET_NAME)";
				SWIFT_EMIT_LOC_STRINGS = NO;
				SWIFT_VERSION = 5.0;
				TARGETED_DEVICE_FAMILY = "1,2";
				TEST_TARGET_NAME = "InspoQuotes-iOS15";
			};
			name = Release;
		};
/* End XCBuildConfiguration section */

/* Begin XCConfigurationList section */
		356CBB6B2DC1E4B90034D29A /* Build configuration list for PBXProject "InspoQuotes-iOS15" */ = {
			isa = XCConfigurationList;
			buildConfigurations = (
				356CBB9C2DC1E4BB0034D29A /* Debug */,
				356CBB9D2DC1E4BB0034D29A /* Release */,
			);
			defaultConfigurationIsVisible = 0;
			defaultConfigurationName = Release;
		};
		356CBB992DC1E4BB0034D29A /* Build configuration list for PBXNativeTarget "InspoQuotes-iOS15" */ = {
			isa = XCConfigurationList;
			buildConfigurations = (
				356CBB9A2DC1E4BB0034D29A /* Debug */,
				356CBB9B2DC1E4BB0034D29A /* Release */,
			);
			defaultConfigurationIsVisible = 0;
			defaultConfigurationName = Release;
		};
		356CBB9E2DC1E4BB0034D29A /* Build configuration list for PBXNativeTarget "InspoQuotes-iOS15Tests" */ = {
			isa = XCConfigurationList;
			buildConfigurations = (
				356CBB9F2DC1E4BB0034D29A /* Debug */,
				356CBBA02DC1E4BB0034D29A /* Release */,
			);
			defaultConfigurationIsVisible = 0;
			defaultConfigurationName = Release;
		};
		356CBBA12DC1E4BB0034D29A /* Build configuration list for PBXNativeTarget "InspoQuotes-iOS15UITests" */ = {
			isa = XCConfigurationList;
			buildConfigurations = (
				356CBBA22DC1E4BB0034D29A /* Debug */,
				356CBBA32DC1E4BB0034D29A /* Release */,
			);
			defaultConfigurationIsVisible = 0;
			defaultConfigurationName = Release;
		};
/* End XCConfigurationList section */
	};
	rootObject = 356CBB682DC1E4B90034D29A /* Project object */;
}
