// !$*UTF8*$!
{
	archiveVersion = 1;
	classes = {
	};
	objectVersion = 77;
	objects = {

/* Begin PBXContainerItemProxy section */
		357D2B992DAF80A60050191B /* PBXContainerItemProxy */ = {
			isa = PBXContainerItemProxy;
			containerPortal = 357D2B832DAF80A40050191B /* Project object */;
			proxyType = 1;
			remoteGlobalIDString = 357D2B8A2DAF80A40050191B;
			remoteInfo = "Dicee-SwiftUI";
		};
		357D2BA32DAF80A60050191B /* PBXContainerItemProxy */ = {
			isa = PBXContainerItemProxy;
			containerPortal = 357D2B832DAF80A40050191B /* Project object */;
			proxyType = 1;
			remoteGlobalIDString = 357D2B8A2DAF80A40050191B;
			remoteInfo = "Dicee-SwiftUI";
		};
/* End PBXContainerItemProxy section */

/* Begin PBXFileReference section */
		357D2B8B2DAF80A40050191B /* Dicee-SwiftUI.app */ = {isa = PBXFileReference; explicitFileType = wrapper.application; includeInIndex = 0; path = "Dicee-SwiftUI.app"; sourceTree = BUILT_PRODUCTS_DIR; };
		357D2B982DAF80A60050191B /* Dicee-SwiftUITests.xctest */ = {isa = PBXFileReference; explicitFileType = wrapper.cfbundle; includeInIndex = 0; path = "Dicee-SwiftUITests.xctest"; sourceTree = BUILT_PRODUCTS_DIR; };
		357D2BA22DAF80A60050191B /* Dicee-SwiftUIUITests.xctest */ = {isa = PBXFileReference; explicitFileType = wrapper.cfbundle; includeInIndex = 0; path = "Dicee-SwiftUIUITests.xctest"; sourceTree = BUILT_PRODUCTS_DIR; };
/* End PBXFileReference section */

/* Begin PBXFileSystemSynchronizedRootGroup section */
		357D2B8D2DAF80A40050191B /* Dicee-SwiftUI */ = {
			isa = PBXFileSystemSynchronizedRootGroup;
			path = "Dicee-SwiftUI";
			sourceTree = "<group>";
		};
		357D2B9B2DAF80A60050191B /* Dicee-SwiftUITests */ = {
			isa = PBXFileSystemSynchronizedRootGroup;
			path = "Dicee-SwiftUITests";
			sourceTree = "<group>";
		};
		357D2BA52DAF80A60050191B /* Dicee-SwiftUIUITests */ = {
			isa = PBXFileSystemSynchronizedRootGroup;
			path = "Dicee-SwiftUIUITests";
			sourceTree = "<group>";
		};
/* End PBXFileSystemSynchronizedRootGroup section */

/* Begin PBXFrameworksBuildPhase section */
		357D2B882DAF80A40050191B /* Frameworks */ = {
			isa = PBXFrameworksBuildPhase;
			buildActionMask = 2147483647;
			files = (
			);
			runOnlyForDeploymentPostprocessing = 0;
		};
		357D2B952DAF80A60050191B /* Frameworks */ = {
			isa = PBXFrameworksBuildPhase;
			buildActionMask = 2147483647;
			files = (
			);
			runOnlyForDeploymentPostprocessing = 0;
		};
		357D2B9F2DAF80A60050191B /* Frameworks */ = {
			isa = PBXFrameworksBuildPhase;
			buildActionMask = 2147483647;
			files = (
			);
			runOnlyForDeploymentPostprocessing = 0;
		};
/* End PBXFrameworksBuildPhase section */

/* Begin PBXGroup section */
		357D2B822DAF80A40050191B = {
			isa = PBXGroup;
			children = (
				357D2B8D2DAF80A40050191B /* Dicee-SwiftUI */,
				357D2B9B2DAF80A60050191B /* Dicee-SwiftUITests */,
				357D2BA52DAF80A60050191B /* Dicee-SwiftUIUITests */,
				357D2B8C2DAF80A40050191B /* Products */,
			);
			sourceTree = "<group>";
		};
		357D2B8C2DAF80A40050191B /* Products */ = {
			isa = PBXGroup;
			children = (
				357D2B8B2DAF80A40050191B /* Dicee-SwiftUI.app */,
				357D2B982DAF80A60050191B /* Dicee-SwiftUITests.xctest */,
				357D2BA22DAF80A60050191B /* Dicee-SwiftUIUITests.xctest */,
			);
			name = Products;
			sourceTree = "<group>";
		};
/* End PBXGroup section */

/* Begin PBXNativeTarget section */
		357D2B8A2DAF80A40050191B /* Dicee-SwiftUI */ = {
			isa = PBXNativeTarget;
			buildConfigurationList = 357D2BAC2DAF80A60050191B /* Build configuration list for PBXNativeTarget "Dicee-SwiftUI" */;
			buildPhases = (
				357D2B872DAF80A40050191B /* Sources */,
				357D2B882DAF80A40050191B /* Frameworks */,
				357D2B892DAF80A40050191B /* Resources */,
			);
			buildRules = (
			);
			dependencies = (
			);
			fileSystemSynchronizedGroups = (
				357D2B8D2DAF80A40050191B /* Dicee-SwiftUI */,
			);
			name = "Dicee-SwiftUI";
			packageProductDependencies = (
			);
			productName = "Dicee-SwiftUI";
			productReference = 357D2B8B2DAF80A40050191B /* Dicee-SwiftUI.app */;
			productType = "com.apple.product-type.application";
		};
		357D2B972DAF80A60050191B /* Dicee-SwiftUITests */ = {
			isa = PBXNativeTarget;
			buildConfigurationList = 357D2BAF2DAF80A60050191B /* Build configuration list for PBXNativeTarget "Dicee-SwiftUITests" */;
			buildPhases = (
				357D2B942DAF80A60050191B /* Sources */,
				357D2B952DAF80A60050191B /* Frameworks */,
				357D2B962DAF80A60050191B /* Resources */,
			);
			buildRules = (
			);
			dependencies = (
				357D2B9A2DAF80A60050191B /* PBXTargetDependency */,
			);
			fileSystemSynchronizedGroups = (
				357D2B9B2DAF80A60050191B /* Dicee-SwiftUITests */,
			);
			name = "Dicee-SwiftUITests";
			packageProductDependencies = (
			);
			productName = "Dicee-SwiftUITests";
			productReference = 357D2B982DAF80A60050191B /* Dicee-SwiftUITests.xctest */;
			productType = "com.apple.product-type.bundle.unit-test";
		};
		357D2BA12DAF80A60050191B /* Dicee-SwiftUIUITests */ = {
			isa = PBXNativeTarget;
			buildConfigurationList = 357D2BB22DAF80A60050191B /* Build configuration list for PBXNativeTarget "Dicee-SwiftUIUITests" */;
			buildPhases = (
				357D2B9E2DAF80A60050191B /* Sources */,
				357D2B9F2DAF80A60050191B /* Frameworks */,
				357D2BA02DAF80A60050191B /* Resources */,
			);
			buildRules = (
			);
			dependencies = (
				357D2BA42DAF80A60050191B /* PBXTargetDependency */,
			);
			fileSystemSynchronizedGroups = (
				357D2BA52DAF80A60050191B /* Dicee-SwiftUIUITests */,
			);
			name = "Dicee-SwiftUIUITests";
			packageProductDependencies = (
			);
			productName = "Dicee-SwiftUIUITests";
			productReference = 357D2BA22DAF80A60050191B /* Dicee-SwiftUIUITests.xctest */;
			productType = "com.apple.product-type.bundle.ui-testing";
		};
/* End PBXNativeTarget section */

/* Begin PBXProject section */
		357D2B832DAF80A40050191B /* Project object */ = {
			isa = PBXProject;
			attributes = {
				BuildIndependentTargetsInParallel = 1;
				LastSwiftUpdateCheck = 1630;
				LastUpgradeCheck = 1630;
				TargetAttributes = {
					357D2B8A2DAF80A40050191B = {
						CreatedOnToolsVersion = 16.3;
					};
					357D2B972DAF80A60050191B = {
						CreatedOnToolsVersion = 16.3;
						TestTargetID = 357D2B8A2DAF80A40050191B;
					};
					357D2BA12DAF80A60050191B = {
						CreatedOnToolsVersion = 16.3;
						TestTargetID = 357D2B8A2DAF80A40050191B;
					};
				};
			};
			buildConfigurationList = 357D2B862DAF80A40050191B /* Build configuration list for PBXProject "Dicee-SwiftUI" */;
			developmentRegion = en;
			hasScannedForEncodings = 0;
			knownRegions = (
				en,
				Base,
			);
			mainGroup = 357D2B822DAF80A40050191B;
			minimizedProjectReferenceProxies = 1;
			preferredProjectObjectVersion = 77;
			productRefGroup = 357D2B8C2DAF80A40050191B /* Products */;
			projectDirPath = "";
			projectRoot = "";
			targets = (
				357D2B8A2DAF80A40050191B /* Dicee-SwiftUI */,
				357D2B972DAF80A60050191B /* Dicee-SwiftUITests */,
				357D2BA12DAF80A60050191B /* Dicee-SwiftUIUITests */,
			);
		};
/* End PBXProject section */

/* Begin PBXResourcesBuildPhase section */
		357D2B892DAF80A40050191B /* Resources */ = {
			isa = PBXResourcesBuildPhase;
			buildActionMask = 2147483647;
			files = (
			);
			runOnlyForDeploymentPostprocessing = 0;
		};
		357D2B962DAF80A60050191B /* Resources */ = {
			isa = PBXResourcesBuildPhase;
			buildActionMask = 2147483647;
			files = (
			);
			runOnlyForDeploymentPostprocessing = 0;
		};
		357D2BA02DAF80A60050191B /* Resources */ = {
			isa = PBXResourcesBuildPhase;
			buildActionMask = 2147483647;
			files = (
			);
			runOnlyForDeploymentPostprocessing = 0;
		};
/* End PBXResourcesBuildPhase section */

/* Begin PBXSourcesBuildPhase section */
		357D2B872DAF80A40050191B /* Sources */ = {
			isa = PBXSourcesBuildPhase;
			buildActionMask = 2147483647;
			files = (
			);
			runOnlyForDeploymentPostprocessing = 0;
		};
		357D2B942DAF80A60050191B /* Sources */ = {
			isa = PBXSourcesBuildPhase;
			buildActionMask = 2147483647;
			files = (
			);
			runOnlyForDeploymentPostprocessing = 0;
		};
		357D2B9E2DAF80A60050191B /* Sources */ = {
			isa = PBXSourcesBuildPhase;
			buildActionMask = 2147483647;
			files = (
			);
			runOnlyForDeploymentPostprocessing = 0;
		};
/* End PBXSourcesBuildPhase section */

/* Begin PBXTargetDependency section */
		357D2B9A2DAF80A60050191B /* PBXTargetDependency */ = {
			isa = PBXTargetDependency;
			target = 357D2B8A2DAF80A40050191B /* Dicee-SwiftUI */;
			targetProxy = 357D2B992DAF80A60050191B /* PBXContainerItemProxy */;
		};
		357D2BA42DAF80A60050191B /* PBXTargetDependency */ = {
			isa = PBXTargetDependency;
			target = 357D2B8A2DAF80A40050191B /* Dicee-SwiftUI */;
			targetProxy = 357D2BA32DAF80A60050191B /* PBXContainerItemProxy */;
		};
/* End PBXTargetDependency section */

/* Begin XCBuildConfiguration section */
		357D2BAA2DAF80A60050191B /* Debug */ = {
			isa = XCBuildConfiguration;
			buildSettings = {
				ALWAYS_SEARCH_USER_PATHS = NO;
				ASSETCATALOG_COMPILER_GENERATE_SWIFT_ASSET_SYMBOL_EXTENSIONS = YES;
				CLANG_ANALYZER_NONNULL = YES;
				CLANG_ANALYZER_NUMBER_OBJECT_CONVERSION = YES_AGGRESSIVE;
				CLANG_CXX_LANGUAGE_STANDARD = "gnu++20";
				CLANG_ENABLE_MODULES = YES;
				CLANG_ENABLE_OBJC_ARC = YES;
				CLANG_ENABLE_OBJC_WEAK = YES;
				CLANG_WARN_BLOCK_CAPTURE_AUTORELEASING = YES;
				CLANG_WARN_BOOL_CONVERSION = YES;
				CLANG_WARN_COMMA = YES;
				CLANG_WARN_CONSTANT_CONVERSION = YES;
				CLANG_WARN_DEPRECATED_OBJC_IMPLEMENTATIONS = YES;
				CLANG_WARN_DIRECT_OBJC_ISA_USAGE = YES_ERROR;
				CLANG_WARN_DOCUMENTATION_COMMENTS = YES;
				CLANG_WARN_EMPTY_BODY = YES;
				CLANG_WARN_ENUM_CONVERSION = YES;
				CLANG_WARN_INFINITE_RECURSION = YES;
				CLANG_WARN_INT_CONVERSION = YES;
				CLANG_WARN_NON_LITERAL_NULL_CONVERSION = YES;
				CLANG_WARN_OBJC_IMPLICIT_RETAIN_SELF = YES;
				CLANG_WARN_OBJC_LITERAL_CONVERSION = YES;
				CLANG_WARN_OBJC_ROOT_CLASS = YES_ERROR;
				CLANG_WARN_QUOTED_INCLUDE_IN_FRAMEWORK_HEADER = YES;
				CLANG_WARN_RANGE_LOOP_ANALYSIS = YES;
				CLANG_WARN_STRICT_PROTOTYPES = YES;
				CLANG_WARN_SUSPICIOUS_MOVE = YES;
				CLANG_WARN_UNGUARDED_AVAILABILITY = YES_AGGRESSIVE;
				CLANG_WARN_UNREACHABLE_CODE = YES;
				CLANG_WARN__DUPLICATE_METHOD_MATCH = YES;
				COPY_PHASE_STRIP = NO;
				DEBUG_INFORMATION_FORMAT = dwarf;
				ENABLE_STRICT_OBJC_MSGSEND = YES;
				ENABLE_TESTABILITY = YES;
				ENABLE_USER_SCRIPT_SANDBOXING = YES;
				GCC_C_LANGUAGE_STANDARD = gnu17;
				GCC_DYNAMIC_NO_PIC = NO;
				GCC_NO_COMMON_BLOCKS = YES;
				GCC_OPTIMIZATION_LEVEL = 0;
				GCC_PREPROCESSOR_DEFINITIONS = (
					"DEBUG=1",
					"$(inherited)",
				);
				GCC_WARN_64_TO_32_BIT_CONVERSION = YES;
				GCC_WARN_ABOUT_RETURN_TYPE = YES_ERROR;
				GCC_WARN_UNDECLARED_SELECTOR = YES;
				GCC_WARN_UNINITIALIZED_AUTOS = YES_AGGRESSIVE;
				GCC_WARN_UNUSED_FUNCTION = YES;
				GCC_WARN_UNUSED_VARIABLE = YES;
				IPHONEOS_DEPLOYMENT_TARGET = 18.4;
				LOCALIZATION_PREFERS_STRING_CATALOGS = YES;
				MTL_ENABLE_DEBUG_INFO = INCLUDE_SOURCE;
				MTL_FAST_MATH = YES;
				ONLY_ACTIVE_ARCH = YES;
				SDKROOT = iphoneos;
				SWIFT_ACTIVE_COMPILATION_CONDITIONS = "DEBUG $(inherited)";
				SWIFT_OPTIMIZATION_LEVEL = "-Onone";
			};
			name = Debug;
		};
		357D2BAB2DAF80A60050191B /* Release */ = {
			isa = XCBuildConfiguration;
			buildSettings = {
				ALWAYS_SEARCH_USER_PATHS = NO;
				ASSETCATALOG_COMPILER_GENERATE_SWIFT_ASSET_SYMBOL_EXTENSIONS = YES;
				CLANG_ANALYZER_NONNULL = YES;
				CLANG_ANALYZER_NUMBER_OBJECT_CONVERSION = YES_AGGRESSIVE;
				CLANG_CXX_LANGUAGE_STANDARD = "gnu++20";
				CLANG_ENABLE_MODULES = YES;
				CLANG_ENABLE_OBJC_ARC = YES;
				CLANG_ENABLE_OBJC_WEAK = YES;
				CLANG_WARN_BLOCK_CAPTURE_AUTORELEASING = YES;
				CLANG_WARN_BOOL_CONVERSION = YES;
				CLANG_WARN_COMMA = YES;
				CLANG_WARN_CONSTANT_CONVERSION = YES;
				CLANG_WARN_DEPRECATED_OBJC_IMPLEMENTATIONS = YES;
				CLANG_WARN_DIRECT_OBJC_ISA_USAGE = YES_ERROR;
				CLANG_WARN_DOCUMENTATION_COMMENTS = YES;
				CLANG_WARN_EMPTY_BODY = YES;
				CLANG_WARN_ENUM_CONVERSION = YES;
				CLANG_WARN_INFINITE_RECURSION = YES;
				CLANG_WARN_INT_CONVERSION = YES;
				CLANG_WARN_NON_LITERAL_NULL_CONVERSION = YES;
				CLANG_WARN_OBJC_IMPLICIT_RETAIN_SELF = YES;
				CLANG_WARN_OBJC_LITERAL_CONVERSION = YES;
				CLANG_WARN_OBJC_ROOT_CLASS = YES_ERROR;
				CLANG_WARN_QUOTED_INCLUDE_IN_FRAMEWORK_HEADER = YES;
				CLANG_WARN_RANGE_LOOP_ANALYSIS = YES;
				CLANG_WARN_STRICT_PROTOTYPES = YES;
				CLANG_WARN_SUSPICIOUS_MOVE = YES;
				CLANG_WARN_UNGUARDED_AVAILABILITY = YES_AGGRESSIVE;
				CLANG_WARN_UNREACHABLE_CODE = YES;
				CLANG_WARN__DUPLICATE_METHOD_MATCH = YES;
				COPY_PHASE_STRIP = NO;
				DEBUG_INFORMATION_FORMAT = "dwarf-with-dsym";
				ENABLE_NS_ASSERTIONS = NO;
				ENABLE_STRICT_OBJC_MSGSEND = YES;
				ENABLE_USER_SCRIPT_SANDBOXING = YES;
				GCC_C_LANGUAGE_STANDARD = gnu17;
				GCC_NO_COMMON_BLOCKS = YES;
				GCC_WARN_64_TO_32_BIT_CONVERSION = YES;
				GCC_WARN_ABOUT_RETURN_TYPE = YES_ERROR;
				GCC_WARN_UNDECLARED_SELECTOR = YES;
				GCC_WARN_UNINITIALIZED_AUTOS = YES_AGGRESSIVE;
				GCC_WARN_UNUSED_FUNCTION = YES;
				GCC_WARN_UNUSED_VARIABLE = YES;
				IPHONEOS_DEPLOYMENT_TARGET = 18.4;
				LOCALIZATION_PREFERS_STRING_CATALOGS = YES;
				MTL_ENABLE_DEBUG_INFO = NO;
				MTL_FAST_MATH = YES;
				SDKROOT = iphoneos;
				SWIFT_COMPILATION_MODE = wholemodule;
				VALIDATE_PRODUCT = YES;
			};
			name = Release;
		};
		357D2BAD2DAF80A60050191B /* Debug */ = {
			isa = XCBuildConfiguration;
			buildSettings = {
				ASSETCATALOG_COMPILER_APPICON_NAME = AppIcon;
				ASSETCATALOG_COMPILER_GLOBAL_ACCENT_COLOR_NAME = AccentColor;
				CODE_SIGN_STYLE = Automatic;
				CURRENT_PROJECT_VERSION = 1;
				ENABLE_PREVIEWS = YES;
				GENERATE_INFOPLIST_FILE = YES;
				INFOPLIST_KEY_UIApplicationSceneManifest_Generation = YES;
				INFOPLIST_KEY_UIApplicationSupportsIndirectInputEvents = YES;
				INFOPLIST_KEY_UILaunchScreen_Generation = YES;
				INFOPLIST_KEY_UISupportedInterfaceOrientations_iPad = "UIInterfaceOrientationPortrait UIInterfaceOrientationPortraitUpsideDown UIInterfaceOrientationLandscapeLeft UIInterfaceOrientationLandscapeRight";
				INFOPLIST_KEY_UISupportedInterfaceOrientations_iPhone = "UIInterfaceOrientationPortrait UIInterfaceOrientationLandscapeLeft UIInterfaceOrientationLandscapeRight";
				LD_RUNPATH_SEARCH_PATHS = (
					"$(inherited)",
					"@executable_path/Frameworks",
				);
				MARKETING_VERSION = 1.0;
				PRODUCT_BUNDLE_IDENTIFIER = "com.patrycja.oo.Dicee-SwiftUI";
				PRODUCT_NAME = "$(TARGET_NAME)";
				SWIFT_EMIT_LOC_STRINGS = YES;
				SWIFT_VERSION = 5.0;
				TARGETED_DEVICE_FAMILY = "1,2";
			};
			name = Debug;
		};
		357D2BAE2DAF80A60050191B /* Release */ = {
			isa = XCBuildConfiguration;
			buildSettings = {
				ASSETCATALOG_COMPILER_APPICON_NAME = AppIcon;
				ASSETCATALOG_COMPILER_GLOBAL_ACCENT_COLOR_NAME = AccentColor;
				CODE_SIGN_STYLE = Automatic;
				CURRENT_PROJECT_VERSION = 1;
				ENABLE_PREVIEWS = YES;
				GENERATE_INFOPLIST_FILE = YES;
				INFOPLIST_KEY_UIApplicationSceneManifest_Generation = YES;
				INFOPLIST_KEY_UIApplicationSupportsIndirectInputEvents = YES;
				INFOPLIST_KEY_UILaunchScreen_Generation = YES;
				INFOPLIST_KEY_UISupportedInterfaceOrientations_iPad = "UIInterfaceOrientationPortrait UIInterfaceOrientationPortraitUpsideDown UIInterfaceOrientationLandscapeLeft UIInterfaceOrientationLandscapeRight";
				INFOPLIST_KEY_UISupportedInterfaceOrientations_iPhone = "UIInterfaceOrientationPortrait UIInterfaceOrientationLandscapeLeft UIInterfaceOrientationLandscapeRight";
				LD_RUNPATH_SEARCH_PATHS = (
					"$(inherited)",
					"@executable_path/Frameworks",
				);
				MARKETING_VERSION = 1.0;
				PRODUCT_BUNDLE_IDENTIFIER = "com.patrycja.oo.Dicee-SwiftUI";
				PRODUCT_NAME = "$(TARGET_NAME)";
				SWIFT_EMIT_LOC_STRINGS = YES;
				SWIFT_VERSION = 5.0;
				TARGETED_DEVICE_FAMILY = "1,2";
			};
			name = Release;
		};
		357D2BB02DAF80A60050191B /* Debug */ = {
			isa = XCBuildConfiguration;
			buildSettings = {
				BUNDLE_LOADER = "$(TEST_HOST)";
				CODE_SIGN_STYLE = Automatic;
				CURRENT_PROJECT_VERSION = 1;
				GENERATE_INFOPLIST_FILE = YES;
				IPHONEOS_DEPLOYMENT_TARGET = 18.4;
				MARKETING_VERSION = 1.0;
				PRODUCT_BUNDLE_IDENTIFIER = "com.patrycja.oo.Dicee-SwiftUITests";
				PRODUCT_NAME = "$(TARGET_NAME)";
				SWIFT_EMIT_LOC_STRINGS = NO;
				SWIFT_VERSION = 5.0;
				TARGETED_DEVICE_FAMILY = "1,2";
				TEST_HOST = "$(BUILT_PRODUCTS_DIR)/Dicee-SwiftUI.app/$(BUNDLE_EXECUTABLE_FOLDER_PATH)/Dicee-SwiftUI";
			};
			name = Debug;
		};
		357D2BB12DAF80A60050191B /* Release */ = {
			isa = XCBuildConfiguration;
			buildSettings = {
				BUNDLE_LOADER = "$(TEST_HOST)";
				CODE_SIGN_STYLE = Automatic;
				CURRENT_PROJECT_VERSION = 1;
				GENERATE_INFOPLIST_FILE = YES;
				IPHONEOS_DEPLOYMENT_TARGET = 18.4;
				MARKETING_VERSION = 1.0;
				PRODUCT_BUNDLE_IDENTIFIER = "com.patrycja.oo.Dicee-SwiftUITests";
				PRODUCT_NAME = "$(TARGET_NAME)";
				SWIFT_EMIT_LOC_STRINGS = NO;
				SWIFT_VERSION = 5.0;
				TARGETED_DEVICE_FAMILY = "1,2";
				TEST_HOST = "$(BUILT_PRODUCTS_DIR)/Dicee-SwiftUI.app/$(BUNDLE_EXECUTABLE_FOLDER_PATH)/Dicee-SwiftUI";
			};
			name = Release;
		};
		357D2BB32DAF80A60050191B /* Debug */ = {
			isa = XCBuildConfiguration;
			buildSettings = {
				CODE_SIGN_STYLE = Automatic;
				CURRENT_PROJECT_VERSION = 1;
				GENERATE_INFOPLIST_FILE = YES;
				MARKETING_VERSION = 1.0;
				PRODUCT_BUNDLE_IDENTIFIER = "com.patrycja.oo.Dicee-SwiftUIUITests";
				PRODUCT_NAME = "$(TARGET_NAME)";
				SWIFT_EMIT_LOC_STRINGS = NO;
				SWIFT_VERSION = 5.0;
				TARGETED_DEVICE_FAMILY = "1,2";
				TEST_TARGET_NAME = "Dicee-SwiftUI";
			};
			name = Debug;
		};
		357D2BB42DAF80A60050191B /* Release */ = {
			isa = XCBuildConfiguration;
			buildSettings = {
				CODE_SIGN_STYLE = Automatic;
				CURRENT_PROJECT_VERSION = 1;
				GENERATE_INFOPLIST_FILE = YES;
				MARKETING_VERSION = 1.0;
				PRODUCT_BUNDLE_IDENTIFIER = "com.patrycja.oo.Dicee-SwiftUIUITests";
				PRODUCT_NAME = "$(TARGET_NAME)";
				SWIFT_EMIT_LOC_STRINGS = NO;
				SWIFT_VERSION = 5.0;
				TARGETED_DEVICE_FAMILY = "1,2";
				TEST_TARGET_NAME = "Dicee-SwiftUI";
			};
			name = Release;
		};
/* End XCBuildConfiguration section */

/* Begin XCConfigurationList section */
		357D2B862DAF80A40050191B /* Build configuration list for PBXProject "Dicee-SwiftUI" */ = {
			isa = XCConfigurationList;
			buildConfigurations = (
				357D2BAA2DAF80A60050191B /* Debug */,
				357D2BAB2DAF80A60050191B /* Release */,
			);
			defaultConfigurationIsVisible = 0;
			defaultConfigurationName = Release;
		};
		357D2BAC2DAF80A60050191B /* Build configuration list for PBXNativeTarget "Dicee-SwiftUI" */ = {
			isa = XCConfigurationList;
			buildConfigurations = (
				357D2BAD2DAF80A60050191B /* Debug */,
				357D2BAE2DAF80A60050191B /* Release */,
			);
			defaultConfigurationIsVisible = 0;
			defaultConfigurationName = Release;
		};
		357D2BAF2DAF80A60050191B /* Build configuration list for PBXNativeTarget "Dicee-SwiftUITests" */ = {
			isa = XCConfigurationList;
			buildConfigurations = (
				357D2BB02DAF80A60050191B /* Debug */,
				357D2BB12DAF80A60050191B /* Release */,
			);
			defaultConfigurationIsVisible = 0;
			defaultConfigurationName = Release;
		};
		357D2BB22DAF80A60050191B /* Build configuration list for PBXNativeTarget "Dicee-SwiftUIUITests" */ = {
			isa = XCConfigurationList;
			buildConfigurations = (
				357D2BB32DAF80A60050191B /* Debug */,
				357D2BB42DAF80A60050191B /* Release */,
			);
			defaultConfigurationIsVisible = 0;
			defaultConfigurationName = Release;
		};
/* End XCConfigurationList section */
	};
	rootObject = 357D2B832DAF80A40050191B /* Project object */;
}
